
Microsoft Visual Studio Solution File, Format Version 12.00
Project("{FAE04EC0-301F-11D3-BF4B-00C04F79EFBC}") = "TabletopTelegramBot", "TabletopTelegramBot\TabletopTelegramBot.csproj", "{FD171ED6-792B-4917-B942-E3859BA2F996}"
EndProject
Global
	GlobalSection(SolutionConfigurationPlatforms) = preSolution
		Debug|Any CPU = Debug|Any CPU
		Release|Any CPU = Release|Any CPU
	EndGlobalSection
	GlobalSection(ProjectConfigurationPlatforms) = postSolution
		{FD171ED6-792B-4917-B942-E3859BA2F996}.Debug|Any CPU.ActiveCfg = Debug|Any CPU
		{FD171ED6-792B-4917-B942-E3859BA2F996}.Debug|Any CPU.Build.0 = Debug|Any CPU
		{FD171ED6-792B-4917-B942-E3859BA2F996}.Release|Any CPU.ActiveCfg = Release|Any CPU
		{FD171ED6-792B-4917-B942-E3859BA2F996}.Release|Any CPU.Build.0 = Release|Any CPU
	EndGlobalSection
EndGlobal
